
Microsoft Visual Studio Solution File, Format Version 12.00
# Visual Studio Version 17
VisualStudioVersion = 17.5.33424.131
MinimumVisualStudioVersion = 10.0.40219.1
Project("{FAE04EC0-301F-11D3-BF4B-00C04F79EFBC}") = "DataExchange", "DataExchange\DataExchange.csproj", "{F99EDE51-A107-4D9C-90D1-BCA65C3C2A00}"
EndProject
Global
	GlobalSection(SolutionConfigurationPlatforms) = preSolution
		Debug|Any CPU = Debug|Any CPU
		Release|Any CPU = Release|Any CPU
	EndGlobalSection
	GlobalSection(ProjectConfigurationPlatforms) = postSolution
		{F99EDE51-A107-4D9C-90D1-BCA65C3C2A00}.Debug|Any CPU.ActiveCfg = Debug|Any CPU
		{F99EDE51-A107-4D9C-90D1-BCA65C3C2A00}.Debug|Any CPU.Build.0 = Debug|Any CPU
		{F99EDE51-A107-4D9C-90D1-BCA65C3C2A00}.Release|Any CPU.ActiveCfg = Release|Any CPU
		{F99EDE51-A107-4D9C-90D1-BCA65C3C2A00}.Release|Any CPU.Build.0 = Release|Any CPU
	EndGlobalSection
	GlobalSection(SolutionProperties) = preSolution
		HideSolutionNode = FALSE
	EndGlobalSection
	GlobalSection(ExtensibilityGlobals) = postSolution
		SolutionGuid = {ADD0D1AD-523E-4A9D-A7E0-BFDB6D0AE6A2}
	EndGlobalSection
EndGlobal
